
Microsoft Visual Studio Solution File, Format Version 12.00
# Visual Studio Version 17
VisualStudioVersion = 17.4.33110.190
MinimumVisualStudioVersion = 10.0.40219.1
Project("{FAE04EC0-301F-11D3-BF4B-00C04F79EFBC}") = "ADOProject", "ADOProject.csproj", "{F78BE3AC-687D-4460-8A1A-31FA6DE72369}"
EndProject
Project("{FAE04EC0-301F-11D3-BF4B-00C04F79EFBC}") = "LayerDAL", "..\LayerDAL\LayerDAL.csproj", "{199C2FA2-A701-492F-ADAD-1D702201651E}"
EndProject
Global
	GlobalSection(SolutionConfigurationPlatforms) = preSolution
		Debug|Any CPU = Debug|Any CPU
		Release|Any CPU = Release|Any CPU
	EndGlobalSection
	GlobalSection(ProjectConfigurationPlatforms) = postSolution
		{F78BE3AC-687D-4460-8A1A-31FA6DE72369}.Debug|Any CPU.ActiveCfg = Debug|Any CPU
		{F78BE3AC-687D-4460-8A1A-31FA6DE72369}.Debug|Any CPU.Build.0 = Debug|Any CPU
		{F78BE3AC-687D-4460-8A1A-31FA6DE72369}.Release|Any CPU.ActiveCfg = Release|Any CPU
		{F78BE3AC-687D-4460-8A1A-31FA6DE72369}.Release|Any CPU.Build.0 = Release|Any CPU
		{199C2FA2-A701-492F-ADAD-1D702201651E}.Debug|Any CPU.ActiveCfg = Debug|Any CPU
		{199C2FA2-A701-492F-ADAD-1D702201651E}.Debug|Any CPU.Build.0 = Debug|Any CPU
		{199C2FA2-A701-492F-ADAD-1D702201651E}.Release|Any CPU.ActiveCfg = Release|Any CPU
		{199C2FA2-A701-492F-ADAD-1D702201651E}.Release|Any CPU.Build.0 = Release|Any CPU
	EndGlobalSection
	GlobalSection(SolutionProperties) = preSolution
		HideSolutionNode = FALSE
	EndGlobalSection
	GlobalSection(ExtensibilityGlobals) = postSolution
		SolutionGuid = {D92CF3C3-9DDE-46F5-93B0-C979A7FAF433}
	EndGlobalSection
EndGlobal
